
Microsoft Visual Studio Solution File, Format Version 12.00
# Visual Studio 15
VisualStudioVersion = 15.0.28307.106
MinimumVisualStudioVersion = 10.0.40219.1
Project("{9A19103F-16F7-4668-BE54-9A1E7A4F7556}") = "BeyondCampaign.API", "BeyondCampaign.API.csproj", "{EABEB985-0F63-4041-B736-C0B88CB5EF4D}"
EndProject
Global
	GlobalSection(SolutionConfigurationPlatforms) = preSolution
		Debug|Any CPU = Debug|Any CPU
		Release|Any CPU = Release|Any CPU
	EndGlobalSection
	GlobalSection(ProjectConfigurationPlatforms) = postSolution
		{EABEB985-0F63-4041-B736-C0B88CB5EF4D}.Debug|Any CPU.ActiveCfg = Debug|Any CPU
		{EABEB985-0F63-4041-B736-C0B88CB5EF4D}.Debug|Any CPU.Build.0 = Debug|Any CPU
		{EABEB985-0F63-4041-B736-C0B88CB5EF4D}.Release|Any CPU.ActiveCfg = Release|Any CPU
		{EABEB985-0F63-4041-B736-C0B88CB5EF4D}.Release|Any CPU.Build.0 = Release|Any CPU
	EndGlobalSection
	GlobalSection(SolutionProperties) = preSolution
		HideSolutionNode = FALSE
	EndGlobalSection
	GlobalSection(ExtensibilityGlobals) = postSolution
		SolutionGuid = {9BBBE64E-CAC4-4EEB-99B1-40FB0C64A57E}
	EndGlobalSection
EndGlobal
